// !$*UTF8*$!
{
	archiveVersion = 1;
	classes = {
	};
	objectVersion = 46;
	objects = {

/* Begin PBXBuildFile section */
		93082A1918B9248700B6A1AF /* Foundation.framework in Frameworks */ = {isa = PBXBuildFile; fileRef = 93082A1818B9248700B6A1AF /* Foundation.framework */; };
		93082A1B18B9248700B6A1AF /* CoreGraphics.framework in Frameworks */ = {isa = PBXBuildFile; fileRef = 93082A1A18B9248700B6A1AF /* CoreGraphics.framework */; };
		93082A1D18B9248700B6A1AF /* UIKit.framework in Frameworks */ = {isa = PBXBuildFile; fileRef = 93082A1C18B9248700B6A1AF /* UIKit.framework */; };
		93082A2318B9248700B6A1AF /* InfoPlist.strings in Resources */ = {isa = PBXBuildFile; fileRef = 93082A2118B9248700B6A1AF /* InfoPlist.strings */; };
		93082A2518B9248700B6A1AF /* main.m in Sources */ = {isa = PBXBuildFile; fileRef = 93082A2418B9248700B6A1AF /* main.m */; };
		93082A2918B9248700B6A1AF /* A4AppDelegate.m in Sources */ = {isa = PBXBuildFile; fileRef = 93082A2818B9248700B6A1AF /* A4AppDelegate.m */; };
		93082A2C18B9248700B6A1AF /* Main.storyboard in Resources */ = {isa = PBXBuildFile; fileRef = 93082A2A18B9248700B6A1AF /* Main.storyboard */; };
		93082A2F18B9248700B6A1AF /* A4ViewController.m in Sources */ = {isa = PBXBuildFile; fileRef = 93082A2E18B9248700B6A1AF /* A4ViewController.m */; };
		93082A3118B9248700B6A1AF /* Images.xcassets in Resources */ = {isa = PBXBuildFile; fileRef = 93082A3018B9248700B6A1AF /* Images.xcassets */; };
		93082A3818B9248700B6A1AF /* XCTest.framework in Frameworks */ = {isa = PBXBuildFile; fileRef = 93082A3718B9248700B6A1AF /* XCTest.framework */; };
		93082A3918B9248700B6A1AF /* Foundation.framework in Frameworks */ = {isa = PBXBuildFile; fileRef = 93082A1818B9248700B6A1AF /* Foundation.framework */; };
		93082A3A18B9248700B6A1AF /* UIKit.framework in Frameworks */ = {isa = PBXBuildFile; fileRef = 93082A1C18B9248700B6A1AF /* UIKit.framework */; };
		93082A4218B9248700B6A1AF /* InfoPlist.strings in Resources */ = {isa = PBXBuildFile; fileRef = 93082A4018B9248700B6A1AF /* InfoPlist.strings */; };
		93082A4418B9248700B6A1AF /* RandomTests.m in Sources */ = {isa = PBXBuildFile; fileRef = 93082A4318B9248700B6A1AF /* RandomTests.m */; };
		93082A4E18B92F2100B6A1AF /* iAd.framework in Frameworks */ = {isa = PBXBuildFile; fileRef = 93082A4D18B92F2100B6A1AF /* iAd.framework */; };
		93082A5118B9434B00B6A1AF /* A4SingleDecisionInputView.m in Sources */ = {isa = PBXBuildFile; fileRef = 93082A5018B9434B00B6A1AF /* A4SingleDecisionInputView.m */; };
		93082A5418B95C9000B6A1AF /* SingleResultViewController.m in Sources */ = {isa = PBXBuildFile; fileRef = 93082A5318B95C9000B6A1AF /* SingleResultViewController.m */; };
/* End PBXBuildFile section */

/* Begin PBXContainerItemProxy section */
		93082A3B18B9248700B6A1AF /* PBXContainerItemProxy */ = {
			isa = PBXContainerItemProxy;
			containerPortal = 93082A0D18B9248700B6A1AF /* Project object */;
			proxyType = 1;
			remoteGlobalIDString = 93082A1418B9248700B6A1AF;
			remoteInfo = Random;
		};
/* End PBXContainerItemProxy section */

/* Begin PBXFileReference section */
		93082A1518B9248700B6A1AF /* Random.app */ = {isa = PBXFileReference; explicitFileType = wrapper.application; includeInIndex = 0; path = Random.app; sourceTree = BUILT_PRODUCTS_DIR; };
		93082A1818B9248700B6A1AF /* Foundation.framework */ = {isa = PBXFileReference; lastKnownFileType = wrapper.framework; name = Foundation.framework; path = System/Library/Frameworks/Foundation.framework; sourceTree = SDKROOT; };
		93082A1A18B9248700B6A1AF /* CoreGraphics.framework */ = {isa = PBXFileReference; lastKnownFileType = wrapper.framework; name = CoreGraphics.framework; path = System/Library/Frameworks/CoreGraphics.framework; sourceTree = SDKROOT; };
		93082A1C18B9248700B6A1AF /* UIKit.framework */ = {isa = PBXFileReference; lastKnownFileType = wrapper.framework; name = UIKit.framework; path = System/Library/Frameworks/UIKit.framework; sourceTree = SDKROOT; };
		93082A2018B9248700B6A1AF /* Random-Info.plist */ = {isa = PBXFileReference; lastKnownFileType = text.plist.xml; path = "Random-Info.plist"; sourceTree = "<group>"; };
		93082A2218B9248700B6A1AF /* en */ = {isa = PBXFileReference; lastKnownFileType = text.plist.strings; name = en; path = en.lproj/InfoPlist.strings; sourceTree = "<group>"; };
		93082A2418B9248700B6A1AF /* main.m */ = {isa = PBXFileReference; lastKnownFileType = sourcecode.c.objc; path = main.m; sourceTree = "<group>"; };
		93082A2618B9248700B6A1AF /* Random-Prefix.pch */ = {isa = PBXFileReference; lastKnownFileType = sourcecode.c.h; path = "Random-Prefix.pch"; sourceTree = "<group>"; };
		93082A2718B9248700B6A1AF /* A4AppDelegate.h */ = {isa = PBXFileReference; lastKnownFileType = sourcecode.c.h; path = A4AppDelegate.h; sourceTree = "<group>"; };
		93082A2818B9248700B6A1AF /* A4AppDelegate.m */ = {isa = PBXFileReference; lastKnownFileType = sourcecode.c.objc; path = A4AppDelegate.m; sourceTree = "<group>"; };
		93082A2B18B9248700B6A1AF /* Base */ = {isa = PBXFileReference; lastKnownFileType = file.storyboard; name = Base; path = Base.lproj/Main.storyboard; sourceTree = "<group>"; };
		93082A2D18B9248700B6A1AF /* A4ViewController.h */ = {isa = PBXFileReference; lastKnownFileType = sourcecode.c.h; path = A4ViewController.h; sourceTree = "<group>"; };
		93082A2E18B9248700B6A1AF /* A4ViewController.m */ = {isa = PBXFileReference; lastKnownFileType = sourcecode.c.objc; path = A4ViewController.m; sourceTree = "<group>"; };
		93082A3018B9248700B6A1AF /* Images.xcassets */ = {isa = PBXFileReference; lastKnownFileType = folder.assetcatalog; path = Images.xcassets; sourceTree = "<group>"; };
		93082A3618B9248700B6A1AF /* RandomTests.xctest */ = {isa = PBXFileReference; explicitFileType = wrapper.cfbundle; includeInIndex = 0; path = RandomTests.xctest; sourceTree = BUILT_PRODUCTS_DIR; };
		93082A3718B9248700B6A1AF /* XCTest.framework */ = {isa = PBXFileReference; lastKnownFileType = wrapper.framework; name = XCTest.framework; path = Library/Frameworks/XCTest.framework; sourceTree = DEVELOPER_DIR; };
		93082A3F18B9248700B6A1AF /* RandomTests-Info.plist */ = {isa = PBXFileReference; lastKnownFileType = text.plist.xml; path = "RandomTests-Info.plist"; sourceTree = "<group>"; };
		93082A4118B9248700B6A1AF /* en */ = {isa = PBXFileReference; lastKnownFileType = text.plist.strings; name = en; path = en.lproj/InfoPlist.strings; sourceTree = "<group>"; };
		93082A4318B9248700B6A1AF /* RandomTests.m */ = {isa = PBXFileReference; lastKnownFileType = sourcecode.c.objc; path = RandomTests.m; sourceTree = "<group>"; };
		93082A4D18B92F2100B6A1AF /* iAd.framework */ = {isa = PBXFileReference; lastKnownFileType = wrapper.framework; name = iAd.framework; path = System/Library/Frameworks/iAd.framework; sourceTree = SDKROOT; };
		93082A4F18B9434B00B6A1AF /* A4SingleDecisionInputView.h */ = {isa = PBXFileReference; fileEncoding = 4; lastKnownFileType = sourcecode.c.h; path = A4SingleDecisionInputView.h; sourceTree = "<group>"; };
		93082A5018B9434B00B6A1AF /* A4SingleDecisionInputView.m */ = {isa = PBXFileReference; fileEncoding = 4; lastKnownFileType = sourcecode.c.objc; path = A4SingleDecisionInputView.m; sourceTree = "<group>"; };
		93082A5218B95C9000B6A1AF /* SingleResultViewController.h */ = {isa = PBXFileReference; fileEncoding = 4; lastKnownFileType = sourcecode.c.h; path = SingleResultViewController.h; sourceTree = "<group>"; };
		93082A5318B95C9000B6A1AF /* SingleResultViewController.m */ = {isa = PBXFileReference; fileEncoding = 4; lastKnownFileType = sourcecode.c.objc; path = SingleResultViewController.m; sourceTree = "<group>"; };
/* End PBXFileReference section */

/* Begin PBXFrameworksBuildPhase section */
		93082A1218B9248700B6A1AF /* Frameworks */ = {
			isa = PBXFrameworksBuildPhase;
			buildActionMask = 2147483647;
			files = (
				93082A4E18B92F2100B6A1AF /* iAd.framework in Frameworks */,
				93082A1B18B9248700B6A1AF /* CoreGraphics.framework in Frameworks */,
				93082A1D18B9248700B6A1AF /* UIKit.framework in Frameworks */,
				93082A1918B9248700B6A1AF /* Foundation.framework in Frameworks */,
			);
			runOnlyForDeploymentPostprocessing = 0;
		};
		93082A3318B9248700B6A1AF /* Frameworks */ = {
			isa = PBXFrameworksBuildPhase;
			buildActionMask = 2147483647;
			files = (
				93082A3818B9248700B6A1AF /* XCTest.framework in Frameworks */,
				93082A3A18B9248700B6A1AF /* UIKit.framework in Frameworks */,
				93082A3918B9248700B6A1AF /* Foundation.framework in Frameworks */,
			);
			runOnlyForDeploymentPostprocessing = 0;
		};
/* End PBXFrameworksBuildPhase section */

/* Begin PBXGroup section */
		93082A0C18B9248700B6A1AF = {
			isa = PBXGroup;
			children = (
				93082A1E18B9248700B6A1AF /* Random */,
				93082A3D18B9248700B6A1AF /* RandomTests */,
				93082A1718B9248700B6A1AF /* Frameworks */,
				93082A1618B9248700B6A1AF /* Products */,
			);
			sourceTree = "<group>";
		};
		93082A1618B9248700B6A1AF /* Products */ = {
			isa = PBXGroup;
			children = (
				93082A1518B9248700B6A1AF /* Random.app */,
				93082A3618B9248700B6A1AF /* RandomTests.xctest */,
			);
			name = Products;
			sourceTree = "<group>";
		};
		93082A1718B9248700B6A1AF /* Frameworks */ = {
			isa = PBXGroup;
			children = (
				93082A4D18B92F2100B6A1AF /* iAd.framework */,
				93082A1818B9248700B6A1AF /* Foundation.framework */,
				93082A1A18B9248700B6A1AF /* CoreGraphics.framework */,
				93082A1C18B9248700B6A1AF /* UIKit.framework */,
				93082A3718B9248700B6A1AF /* XCTest.framework */,
			);
			name = Frameworks;
			sourceTree = "<group>";
		};
		93082A1E18B9248700B6A1AF /* Random */ = {
			isa = PBXGroup;
			children = (
				93082A2718B9248700B6A1AF /* A4AppDelegate.h */,
				93082A2818B9248700B6A1AF /* A4AppDelegate.m */,
				93082A2A18B9248700B6A1AF /* Main.storyboard */,
				93082A5218B95C9000B6A1AF /* SingleResultViewController.h */,
				93082A5318B95C9000B6A1AF /* SingleResultViewController.m */,
				93082A4F18B9434B00B6A1AF /* A4SingleDecisionInputView.h */,
				93082A5018B9434B00B6A1AF /* A4SingleDecisionInputView.m */,
				93082A2D18B9248700B6A1AF /* A4ViewController.h */,
				93082A2E18B9248700B6A1AF /* A4ViewController.m */,
				93082A3018B9248700B6A1AF /* Images.xcassets */,
				93082A1F18B9248700B6A1AF /* Supporting Files */,
			);
			path = Random;
			sourceTree = "<group>";
		};
		93082A1F18B9248700B6A1AF /* Supporting Files */ = {
			isa = PBXGroup;
			children = (
				93082A2018B9248700B6A1AF /* Random-Info.plist */,
				93082A2118B9248700B6A1AF /* InfoPlist.strings */,
				93082A2418B9248700B6A1AF /* main.m */,
				93082A2618B9248700B6A1AF /* Random-Prefix.pch */,
			);
			name = "Supporting Files";
			sourceTree = "<group>";
		};
		93082A3D18B9248700B6A1AF /* RandomTests */ = {
			isa = PBXGroup;
			children = (
				93082A4318B9248700B6A1AF /* RandomTests.m */,
				93082A3E18B9248700B6A1AF /* Supporting Files */,
			);
			path = RandomTests;
			sourceTree = "<group>";
		};
		93082A3E18B9248700B6A1AF /* Supporting Files */ = {
			isa = PBXGroup;
			children = (
				93082A3F18B9248700B6A1AF /* RandomTests-Info.plist */,
				93082A4018B9248700B6A1AF /* InfoPlist.strings */,
			);
			name = "Supporting Files";
			sourceTree = "<group>";
		};
/* End PBXGroup section */

/* Begin PBXNativeTarget section */
		93082A1418B9248700B6A1AF /* Random */ = {
			isa = PBXNativeTarget;
			buildConfigurationList = 93082A4718B9248700B6A1AF /* Build configuration list for PBXNativeTarget "Random" */;
			buildPhases = (
				93082A1118B9248700B6A1AF /* Sources */,
				93082A1218B9248700B6A1AF /* Frameworks */,
				93082A1318B9248700B6A1AF /* Resources */,
			);
			buildRules = (
			);
			dependencies = (
			);
			name = Random;
			productName = Random;
			productReference = 93082A1518B9248700B6A1AF /* Random.app */;
			productType = "com.apple.product-type.application";
		};
		93082A3518B9248700B6A1AF /* RandomTests */ = {
			isa = PBXNativeTarget;
			buildConfigurationList = 93082A4A18B9248700B6A1AF /* Build configuration list for PBXNativeTarget "RandomTests" */;
			buildPhases = (
				93082A3218B9248700B6A1AF /* Sources */,
				93082A3318B9248700B6A1AF /* Frameworks */,
				93082A3418B9248700B6A1AF /* Resources */,
			);
			buildRules = (
			);
			dependencies = (
				93082A3C18B9248700B6A1AF /* PBXTargetDependency */,
			);
			name = RandomTests;
			productName = RandomTests;
			productReference = 93082A3618B9248700B6A1AF /* RandomTests.xctest */;
			productType = "com.apple.product-type.bundle.unit-test";
		};
/* End PBXNativeTarget section */

/* Begin PBXProject section */
		93082A0D18B9248700B6A1AF /* Project object */ = {
			isa = PBXProject;
			attributes = {
				CLASSPREFIX = A4;
				LastUpgradeCheck = 0500;
				ORGANIZATIONNAME = APT4;
				TargetAttributes = {
					93082A3518B9248700B6A1AF = {
						TestTargetID = 93082A1418B9248700B6A1AF;
					};
				};
			};
			buildConfigurationList = 93082A1018B9248700B6A1AF /* Build configuration list for PBXProject "Random" */;
			compatibilityVersion = "Xcode 3.2";
			developmentRegion = English;
			hasScannedForEncodings = 0;
			knownRegions = (
				en,
				Base,
			);
			mainGroup = 93082A0C18B9248700B6A1AF;
			productRefGroup = 93082A1618B9248700B6A1AF /* Products */;
			projectDirPath = "";
			projectRoot = "";
			targets = (
				93082A1418B9248700B6A1AF /* Random */,
				93082A3518B9248700B6A1AF /* RandomTests */,
			);
		};
/* End PBXProject section */

/* Begin PBXResourcesBuildPhase section */
		93082A1318B9248700B6A1AF /* Resources */ = {
			isa = PBXResourcesBuildPhase;
			buildActionMask = 2147483647;
			files = (
				93082A3118B9248700B6A1AF /* Images.xcassets in Resources */,
				93082A2318B9248700B6A1AF /* InfoPlist.strings in Resources */,
				93082A2C18B9248700B6A1AF /* Main.storyboard in Resources */,
			);
			runOnlyForDeploymentPostprocessing = 0;
		};
		93082A3418B9248700B6A1AF /* Resources */ = {
			isa = PBXResourcesBuildPhase;
			buildActionMask = 2147483647;
			files = (
				93082A4218B9248700B6A1AF /* InfoPlist.strings in Resources */,
			);
			runOnlyForDeploymentPostprocessing = 0;
		};
/* End PBXResourcesBuildPhase section */

/* Begin PBXSourcesBuildPhase section */
		93082A1118B9248700B6A1AF /* Sources */ = {
			isa = PBXSourcesBuildPhase;
			buildActionMask = 2147483647;
			files = (
				93082A2518B9248700B6A1AF /* main.m in Sources */,
				93082A2918B9248700B6A1AF /* A4AppDelegate.m in Sources */,
				93082A5418B95C9000B6A1AF /* SingleResultViewController.m in Sources */,
				93082A5118B9434B00B6A1AF /* A4SingleDecisionInputView.m in Sources */,
				93082A2F18B9248700B6A1AF /* A4ViewController.m in Sources */,
			);
			runOnlyForDeploymentPostprocessing = 0;
		};
		93082A3218B9248700B6A1AF /* Sources */ = {
			isa = PBXSourcesBuildPhase;
			buildActionMask = 2147483647;
			files = (
				93082A4418B9248700B6A1AF /* RandomTests.m in Sources */,
			);
			runOnlyForDeploymentPostprocessing = 0;
		};
/* End PBXSourcesBuildPhase section */

/* Begin PBXTargetDependency section */
		93082A3C18B9248700B6A1AF /* PBXTargetDependency */ = {
			isa = PBXTargetDependency;
			target = 93082A1418B9248700B6A1AF /* Random */;
			targetProxy = 93082A3B18B9248700B6A1AF /* PBXContainerItemProxy */;
		};
/* End PBXTargetDependency section */

/* Begin PBXVariantGroup section */
		93082A2118B9248700B6A1AF /* InfoPlist.strings */ = {
			isa = PBXVariantGroup;
			children = (
				93082A2218B9248700B6A1AF /* en */,
			);
			name = InfoPlist.strings;
			sourceTree = "<group>";
		};
		93082A2A18B9248700B6A1AF /* Main.storyboard */ = {
			isa = PBXVariantGroup;
			children = (
				93082A2B18B9248700B6A1AF /* Base */,
			);
			name = Main.storyboard;
			sourceTree = "<group>";
		};
		93082A4018B9248700B6A1AF /* InfoPlist.strings */ = {
			isa = PBXVariantGroup;
			children = (
				93082A4118B9248700B6A1AF /* en */,
			);
			name = InfoPlist.strings;
			sourceTree = "<group>";
		};
/* End PBXVariantGroup section */

/* Begin XCBuildConfiguration section */
		93082A4518B9248700B6A1AF /* Debug */ = {
			isa = XCBuildConfiguration;
			buildSettings = {
				ALWAYS_SEARCH_USER_PATHS = NO;
				ARCHS = "$(ARCHS_STANDARD_INCLUDING_64_BIT)";
				CLANG_CXX_LANGUAGE_STANDARD = "gnu++0x";
				CLANG_CXX_LIBRARY = "libc++";
				CLANG_ENABLE_MODULES = YES;
				CLANG_ENABLE_OBJC_ARC = YES;
				CLANG_WARN_BOOL_CONVERSION = YES;
				CLANG_WARN_CONSTANT_CONVERSION = YES;
				CLANG_WARN_DIRECT_OBJC_ISA_USAGE = YES_ERROR;
				CLANG_WARN_EMPTY_BODY = YES;
				CLANG_WARN_ENUM_CONVERSION = YES;
				CLANG_WARN_INT_CONVERSION = YES;
				CLANG_WARN_OBJC_ROOT_CLASS = YES_ERROR;
				CLANG_WARN__DUPLICATE_METHOD_MATCH = YES;
				"CODE_SIGN_IDENTITY[sdk=iphoneos*]" = "iPhone Developer";
				COPY_PHASE_STRIP = NO;
				GCC_C_LANGUAGE_STANDARD = gnu99;
				GCC_DYNAMIC_NO_PIC = NO;
				GCC_OPTIMIZATION_LEVEL = 0;
				GCC_PREPROCESSOR_DEFINITIONS = (
					"DEBUG=1",
					"$(inherited)",
				);
				GCC_SYMBOLS_PRIVATE_EXTERN = NO;
				GCC_WARN_64_TO_32_BIT_CONVERSION = YES;
				GCC_WARN_ABOUT_RETURN_TYPE = YES_ERROR;
				GCC_WARN_UNDECLARED_SELECTOR = YES;
				GCC_WARN_UNINITIALIZED_AUTOS = YES;
				GCC_WARN_UNUSED_FUNCTION = YES;
				GCC_WARN_UNUSED_VARIABLE = YES;
				IPHONEOS_DEPLOYMENT_TARGET = 7.0;
				ONLY_ACTIVE_ARCH = YES;
				SDKROOT = iphoneos;
			};
			name = Debug;
		};
		93082A4618B9248700B6A1AF /* Release */ = {
			isa = XCBuildConfiguration;
			buildSettings = {
				ALWAYS_SEARCH_USER_PATHS = NO;
				ARCHS = "$(ARCHS_STANDARD_INCLUDING_64_BIT)";
				CLANG_CXX_LANGUAGE_STANDARD = "gnu++0x";
				CLANG_CXX_LIBRARY = "libc++";
				CLANG_ENABLE_MODULES = YES;
				CLANG_ENABLE_OBJC_ARC = YES;
				CLANG_WARN_BOOL_CONVERSION = YES;
				CLANG_WARN_CONSTANT_CONVERSION = YES;
				CLANG_WARN_DIRECT_OBJC_ISA_USAGE = YES_ERROR;
				CLANG_WARN_EMPTY_BODY = YES;
				CLANG_WARN_ENUM_CONVERSION = YES;
				CLANG_WARN_INT_CONVERSION = YES;
				CLANG_WARN_OBJC_ROOT_CLASS = YES_ERROR;
				CLANG_WARN__DUPLICATE_METHOD_MATCH = YES;
				"CODE_SIGN_IDENTITY[sdk=iphoneos*]" = "iPhone Developer";
				COPY_PHASE_STRIP = YES;
				ENABLE_NS_ASSERTIONS = NO;
				GCC_C_LANGUAGE_STANDARD = gnu99;
				GCC_WARN_64_TO_32_BIT_CONVERSION = YES;
				GCC_WARN_ABOUT_RETURN_TYPE = YES_ERROR;
				GCC_WARN_UNDECLARED_SELECTOR = YES;
				GCC_WARN_UNINITIALIZED_AUTOS = YES;
				GCC_WARN_UNUSED_FUNCTION = YES;
				GCC_WARN_UNUSED_VARIABLE = YES;
				IPHONEOS_DEPLOYMENT_TARGET = 7.0;
				SDKROOT = iphoneos;
				VALIDATE_PRODUCT = YES;
			};
			name = Release;
		};
		93082A4818B9248700B6A1AF /* Debug */ = {
			isa = XCBuildConfiguration;
			buildSettings = {
				ASSETCATALOG_COMPILER_APPICON_NAME = AppIcon;
				ASSETCATALOG_COMPILER_LAUNCHIMAGE_NAME = LaunchImage;
				GCC_PRECOMPILE_PREFIX_HEADER = YES;
				GCC_PREFIX_HEADER = "Random/Random-Prefix.pch";
				INFOPLIST_FILE = "Random/Random-Info.plist";
				PRODUCT_NAME = "$(TARGET_NAME)";
				WRAPPER_EXTENSION = app;
			};
			name = Debug;
		};
		93082A4918B9248700B6A1AF /* Release */ = {
			isa = XCBuildConfiguration;
			buildSettings = {
				ASSETCATALOG_COMPILER_APPICON_NAME = AppIcon;
				ASSETCATALOG_COMPILER_LAUNCHIMAGE_NAME = LaunchImage;
				GCC_PRECOMPILE_PREFIX_HEADER = YES;
				GCC_PREFIX_HEADER = "Random/Random-Prefix.pch";
				INFOPLIST_FILE = "Random/Random-Info.plist";
				PRODUCT_NAME = "$(TARGET_NAME)";
				WRAPPER_EXTENSION = app;
			};
			name = Release;
		};
		93082A4B18B9248700B6A1AF /* Debug */ = {
			isa = XCBuildConfiguration;
			buildSettings = {
				ARCHS = "$(ARCHS_STANDARD_INCLUDING_64_BIT)";
				BUNDLE_LOADER = "$(BUILT_PRODUCTS_DIR)/Random.app/Random";
				FRAMEWORK_SEARCH_PATHS = (
					"$(SDKROOT)/Developer/Library/Frameworks",
					"$(inherited)",
					"$(DEVELOPER_FRAMEWORKS_DIR)",
				);
				GCC_PRECOMPILE_PREFIX_HEADER = YES;
				GCC_PREFIX_HEADER = "Random/Random-Prefix.pch";
				GCC_PREPROCESSOR_DEFINITIONS = (
					"DEBUG=1",
					"$(inherited)",
				);
				INFOPLIST_FILE = "RandomTests/RandomTests-Info.plist";
				PRODUCT_NAME = "$(TARGET_NAME)";
				TEST_HOST = "$(BUNDLE_LOADER)";
				WRAPPER_EXTENSION = xctest;
			};
			name = Debug;
		};
		93082A4C18B9248700B6A1AF /* Release */ = {
			isa = XCBuildConfiguration;
			buildSettings = {
				ARCHS = "$(ARCHS_STANDARD_INCLUDING_64_BIT)";
				BUNDLE_LOADER = "$(BUILT_PRODUCTS_DIR)/Random.app/Random";
				FRAMEWORK_SEARCH_PATHS = (
					"$(SDKROOT)/Developer/Library/Frameworks",
					"$(inherited)",
					"$(DEVELOPER_FRAMEWORKS_DIR)",
				);
				GCC_PRECOMPILE_PREFIX_HEADER = YES;
				GCC_PREFIX_HEADER = "Random/Random-Prefix.pch";
				INFOPLIST_FILE = "RandomTests/RandomTests-Info.plist";
				PRODUCT_NAME = "$(TARGET_NAME)";
				TEST_HOST = "$(BUNDLE_LOADER)";
				WRAPPER_EXTENSION = xctest;
			};
			name = Release;
		};
/* End XCBuildConfiguration section */

/* Begin XCConfigurationList section */
		93082A1018B9248700B6A1AF /* Build configuration list for PBXProject "Random" */ = {
			isa = XCConfigurationList;
			buildConfigurations = (
				93082A4518B9248700B6A1AF /* Debug */,
				93082A4618B9248700B6A1AF /* Release */,
			);
			defaultConfigurationIsVisible = 0;
			defaultConfigurationName = Release;
		};
		93082A4718B9248700B6A1AF /* Build configuration list for PBXNativeTarget "Random" */ = {
			isa = XCConfigurationList;
			buildConfigurations = (
				93082A4818B9248700B6A1AF /* Debug */,
				93082A4918B9248700B6A1AF /* Release */,
			);
			defaultConfigurationIsVisible = 0;
			defaultConfigurationName = Release;
		};
		93082A4A18B9248700B6A1AF /* Build configuration list for PBXNativeTarget "RandomTests" */ = {
			isa = XCConfigurationList;
			buildConfigurations = (
				93082A4B18B9248700B6A1AF /* Debug */,
				93082A4C18B9248700B6A1AF /* Release */,
			);
			defaultConfigurationIsVisible = 0;
			defaultConfigurationName = Release;
		};
/* End XCConfigurationList section */
	};
	rootObject = 93082A0D18B9248700B6A1AF /* Project object */;
}
